
Microsoft Visual Studio Solution File, Format Version 12.00
# Visual Studio Version 17
VisualStudioVersion = 17.0.31903.59
MinimumVisualStudioVersion = 10.0.40219.1
Project("{FAE04EC0-301F-11D3-BF4B-00C04F79EFBC}") = "Domain", "Domain\Domain.csproj", "{8E7844F1-486B-4E60-AD66-6CACB90693F7}"
EndProject
Project("{FAE04EC0-301F-11D3-BF4B-00C04F79EFBC}") = "Core", "Core\Core.csproj", "{9425084B-DF5E-4A83-B5D2-1F0A90518747}"
EndProject
Project("{FAE04EC0-301F-11D3-BF4B-00C04F79EFBC}") = "Infra", "Infra\Infra.csproj", "{7949FEE1-34FA-4A6B-A323-6E0527350FE3}"
EndProject
Project("{FAE04EC0-301F-11D3-BF4B-00C04F79EFBC}") = "API", "API\API.csproj", "{C7EE34E4-1E5A-4A66-B37F-0045598A8DCE}"
EndProject
Global
	GlobalSection(SolutionConfigurationPlatforms) = preSolution
		Debug|Any CPU = Debug|Any CPU
		Release|Any CPU = Release|Any CPU
	EndGlobalSection
	GlobalSection(SolutionProperties) = preSolution
		HideSolutionNode = FALSE
	EndGlobalSection
	GlobalSection(ProjectConfigurationPlatforms) = postSolution
		{8E7844F1-486B-4E60-AD66-6CACB90693F7}.Debug|Any CPU.ActiveCfg = Debug|Any CPU
		{8E7844F1-486B-4E60-AD66-6CACB90693F7}.Debug|Any CPU.Build.0 = Debug|Any CPU
		{8E7844F1-486B-4E60-AD66-6CACB90693F7}.Release|Any CPU.ActiveCfg = Release|Any CPU
		{8E7844F1-486B-4E60-AD66-6CACB90693F7}.Release|Any CPU.Build.0 = Release|Any CPU
		{9425084B-DF5E-4A83-B5D2-1F0A90518747}.Debug|Any CPU.ActiveCfg = Debug|Any CPU
		{9425084B-DF5E-4A83-B5D2-1F0A90518747}.Debug|Any CPU.Build.0 = Debug|Any CPU
		{9425084B-DF5E-4A83-B5D2-1F0A90518747}.Release|Any CPU.ActiveCfg = Release|Any CPU
		{9425084B-DF5E-4A83-B5D2-1F0A90518747}.Release|Any CPU.Build.0 = Release|Any CPU
		{7949FEE1-34FA-4A6B-A323-6E0527350FE3}.Debug|Any CPU.ActiveCfg = Debug|Any CPU
		{7949FEE1-34FA-4A6B-A323-6E0527350FE3}.Debug|Any CPU.Build.0 = Debug|Any CPU
		{7949FEE1-34FA-4A6B-A323-6E0527350FE3}.Release|Any CPU.ActiveCfg = Release|Any CPU
		{7949FEE1-34FA-4A6B-A323-6E0527350FE3}.Release|Any CPU.Build.0 = Release|Any CPU
		{C7EE34E4-1E5A-4A66-B37F-0045598A8DCE}.Debug|Any CPU.ActiveCfg = Debug|Any CPU
		{C7EE34E4-1E5A-4A66-B37F-0045598A8DCE}.Debug|Any CPU.Build.0 = Debug|Any CPU
		{C7EE34E4-1E5A-4A66-B37F-0045598A8DCE}.Release|Any CPU.ActiveCfg = Release|Any CPU
		{C7EE34E4-1E5A-4A66-B37F-0045598A8DCE}.Release|Any CPU.Build.0 = Release|Any CPU
	EndGlobalSection
EndGlobal
